{
  "name": "nightwatch-video-recorder",
  "version": "3.0.0",
  "lockfileVersion": 2,
  "requires": true,
  "packages": {
    "": {
      "name": "nightwatch-video-recorder",
      "version": "3.0.0",
      "license": "MIT",
      "dependencies": {
        "record-screen": "^3.1.0"
      },
      "engines": {
        "node": ">=10.0.0"
      }
    },
    "node_modules/record-screen": {
      "version": "3.1.0",
      "resolved": "https://registry.npmjs.org/record-screen/-/record-screen-3.1.0.tgz",
      "integrity": "sha512-rghASjle/KHJawwxSJ7ElrR2df5DSSWZSC/nq7DV3pyIH++NWDNxK0uyQ41tfFhiLZYBJ7moIMlfFbEaFu+Ang==",
      "engines": {
        "node": ">=6.0.0"
      }
    }
  },
  "dependencies": {
    "record-screen": {
      "version": "3.1.0",
      "resolved": "https://registry.npmjs.org/record-screen/-/record-screen-3.1.0.tgz",
      "integrity": "sha512-rghASjle/KHJawwxSJ7ElrR2df5DSSWZSC/nq7DV3pyIH++NWDNxK0uyQ41tfFhiLZYBJ7moIMlfFbEaFu+Ang=="
    }
  }
}
